
Microsoft Visual Studio Solution File, Format Version 12.00
# Visual Studio Version 17
VisualStudioVersion = 17.4.33213.308
MinimumVisualStudioVersion = 10.0.40219.1
Project("{FAE04EC0-301F-11D3-BF4B-00C04F79EFBC}") = "Projekt", "Projekt\Projekt.csproj", "{E323D174-8156-4861-8B2A-3A64B1B44FC3}"
EndProject
Global
	GlobalSection(SolutionConfigurationPlatforms) = preSolution
		Debug|Any CPU = Debug|Any CPU
		Release|Any CPU = Release|Any CPU
	EndGlobalSection
	GlobalSection(ProjectConfigurationPlatforms) = postSolution
		{E323D174-8156-4861-8B2A-3A64B1B44FC3}.Debug|Any CPU.ActiveCfg = Debug|Any CPU
		{E323D174-8156-4861-8B2A-3A64B1B44FC3}.Debug|Any CPU.Build.0 = Debug|Any CPU
		{E323D174-8156-4861-8B2A-3A64B1B44FC3}.Release|Any CPU.ActiveCfg = Release|Any CPU
		{E323D174-8156-4861-8B2A-3A64B1B44FC3}.Release|Any CPU.Build.0 = Release|Any CPU
	EndGlobalSection
	GlobalSection(SolutionProperties) = preSolution
		HideSolutionNode = FALSE
	EndGlobalSection
	GlobalSection(ExtensibilityGlobals) = postSolution
		SolutionGuid = {993B31C9-12D9-40F7-9B37-ABD64C1F25C9}
	EndGlobalSection
EndGlobal
